
Microsoft Visual Studio Solution File, Format Version 12.00
# Visual Studio Version 16
VisualStudioVersion = 16.0.31205.134
MinimumVisualStudioVersion = 10.0.40219.1
Project("{9A19103F-16F7-4668-BE54-9A1E7A4F7556}") = "Monpoke", "Monpoke.csproj", "{1E6CCD01-2B29-408A-A635-AC4B80746601}"
EndProject
Project("{FAE04EC0-301F-11D3-BF4B-00C04F79EFBC}") = "TestProject", "..\TestProject\TestProject.csproj", "{9A8B823C-A160-43C6-859B-2C082A785715}"
EndProject
Global
	GlobalSection(SolutionConfigurationPlatforms) = preSolution
		Debug|Any CPU = Debug|Any CPU
		Release|Any CPU = Release|Any CPU
	EndGlobalSection
	GlobalSection(ProjectConfigurationPlatforms) = postSolution
		{1E6CCD01-2B29-408A-A635-AC4B80746601}.Debug|Any CPU.ActiveCfg = Debug|Any CPU
		{1E6CCD01-2B29-408A-A635-AC4B80746601}.Debug|Any CPU.Build.0 = Debug|Any CPU
		{1E6CCD01-2B29-408A-A635-AC4B80746601}.Release|Any CPU.ActiveCfg = Release|Any CPU
		{1E6CCD01-2B29-408A-A635-AC4B80746601}.Release|Any CPU.Build.0 = Release|Any CPU
		{9A8B823C-A160-43C6-859B-2C082A785715}.Debug|Any CPU.ActiveCfg = Debug|Any CPU
		{9A8B823C-A160-43C6-859B-2C082A785715}.Debug|Any CPU.Build.0 = Debug|Any CPU
		{9A8B823C-A160-43C6-859B-2C082A785715}.Release|Any CPU.ActiveCfg = Release|Any CPU
		{9A8B823C-A160-43C6-859B-2C082A785715}.Release|Any CPU.Build.0 = Release|Any CPU
	EndGlobalSection
	GlobalSection(SolutionProperties) = preSolution
		HideSolutionNode = FALSE
	EndGlobalSection
	GlobalSection(ExtensibilityGlobals) = postSolution
		SolutionGuid = {F4FD4DC4-67A7-4EFA-ABC0-42D7D3DC5721}
	EndGlobalSection
EndGlobal
